<?xml version="1.0" encoding="utf-8"?>
<Project ToolsVersion="4.0" xmlns="http://schemas.microsoft.com/developer/msbuild/2003">
  <ItemGroup>
    <Filter Include="Source Files">
      <UniqueIdentifier>{4FC737F1-C7A5-4376-A066-2A32D752A2FF}</UniqueIdentifier>
      <Extensions>cpp;c;cc;cxx;def;odl;idl;hpj;bat;asm;asmx</Extensions>
    </Filter>
    <Filter Include="Header Files">
      <UniqueIdentifier>{93995380-89BD-4b04-88EB-625FBE52EBFB}</UniqueIdentifier>
      <Extensions>h;hh;hpp;hxx;hm;inl;inc;xsd</Extensions>
    </Filter>
    <Filter Include="Resource Files">
      <UniqueIdentifier>{67DA6AB6-F800-4c08-8B7A-83BB121AAD01}</UniqueIdentifier>
      <Extensions>rc;ico;cur;bmp;dlg;rc2;rct;bin;rgs;gif;jpg;jpeg;jpe;resx;tiff;tif;png;wav;mfcribbon-ms</Extensions>
    </Filter>
    <Filter Include="Actors">
      <UniqueIdentifier>{7c3cba41-7f99-4a21-adbf-c14134f70053}</UniqueIdentifier>
    </Filter>
    <Filter Include="Graphics">
      <UniqueIdentifier>{387c7308-0d48-4f9a-94f7-f37470bd668e}</UniqueIdentifier>
    </Filter>
    <Filter Include="Game">
      <UniqueIdentifier>{beb7959e-d9c1-476a-8d2b-9df7adac486f}</UniqueIdentifier>
    </Filter>
    <Filter Include="Agent States">
      <UniqueIdentifier>{4197e3de-5a93-4d62-9a1f-926fa2c63b30}</UniqueIdentifier>
    </Filter>
    <Filter Include="Systems">
      <UniqueIdentifier>{feffa33f-b60d-4e45-a370-b449432cf6d4}</UniqueIdentifier>
    </Filter>
    <Filter Include="UI">
      <UniqueIdentifier>{4e24990b-3c9e-4464-b07d-378c32b8c62d}</UniqueIdentifier>
    </Filter>
    <Filter Include="Grid">
      <UniqueIdentifier>{089b3e22-ebb4-45a1-84ae-bd27a5179852}</UniqueIdentifier>
    </Filter>
    <Filter Include="AI">
      <UniqueIdentifier>{e8a6b44d-bc74-428a-bb69-a99689d279fb}</UniqueIdentifier>
    </Filter>
  </ItemGroup>
  <ItemGroup>
    <ClCompile Include="Main.cpp">
      <Filter>Source Files</Filter>
    </ClCompile>
    <ClCompile Include="GraphicManager.cpp">
      <Filter>Graphics</Filter>
    </ClCompile>
    <ClCompile Include="TextureManager.cpp">
      <Filter>Graphics</Filter>
    </ClCompile>
    <ClCompile Include="Cell.cpp">
      <Filter>Grid</Filter>
    </ClCompile>
    <ClCompile Include="GridManager.cpp">
      <Filter>Grid</Filter>
    </ClCompile>
    <ClCompile Include="Game.cpp">
      <Filter>Game</Filter>
    </ClCompile>
    <ClCompile Include="Pathfinder.cpp">
      <Filter>Systems</Filter>
    </ClCompile>
    <ClCompile Include="Stairs.cpp">
      <Filter>Source Files</Filter>
    </ClCompile>
    <ClCompile Include="Item.cpp">
      <Filter>Source Files</Filter>
    </ClCompile>
    <ClCompile Include="UIButton.cpp">
      <Filter>Source Files</Filter>
    </ClCompile>
    <ClCompile Include="Cave.cpp">
      <Filter>Source Files</Filter>
    </ClCompile>
    <ClCompile Include="GameState.cpp">
      <Filter>Game</Filter>
    </ClCompile>
    <ClCompile Include="Level.cpp">
      <Filter>Game</Filter>
    </ClCompile>
    <ClCompile Include="Menu.cpp">
      <Filter>Game</Filter>
    </ClCompile>
    <ClCompile Include="Actor.cpp">
      <Filter>Actors</Filter>
    </ClCompile>
    <ClCompile Include="ActorAgent.cpp">
      <Filter>Actors</Filter>
    </ClCompile>
    <ClCompile Include="AnimatedActor.cpp">
      <Filter>Actors</Filter>
    </ClCompile>
    <ClCompile Include="Player.cpp">
      <Filter>Actors</Filter>
    </ClCompile>
    <ClCompile Include="Rat.cpp">
      <Filter>Actors</Filter>
    </ClCompile>
    <ClCompile Include="State.cpp">
      <Filter>AI</Filter>
    </ClCompile>
    <ClCompile Include="PatrolState.cpp">
      <Filter>AI</Filter>
    </ClCompile>
    <ClCompile Include="InputManager.cpp">
      <Filter>Systems</Filter>
    </ClCompile>
    <ClCompile Include="CollisionManager.cpp">
      <Filter>Systems</Filter>
    </ClCompile>
    <ClCompile Include="AttackState.cpp">
      <Filter>AI</Filter>
    </ClCompile>
    <ClCompile Include="Health.cpp">
      <Filter>UI</Filter>
    </ClCompile>
  </ItemGroup>
  <ItemGroup>
    <ClInclude Include="GraphicManager.h">
      <Filter>Graphics</Filter>
    </ClInclude>
    <ClInclude Include="TextureManager.h">
      <Filter>Graphics</Filter>
    </ClInclude>
    <ClInclude Include="Cell.h">
      <Filter>Grid</Filter>
    </ClInclude>
    <ClInclude Include="GridManager.h">
      <Filter>Grid</Filter>
    </ClInclude>
    <ClInclude Include="Game.h">
      <Filter>Game</Filter>
    </ClInclude>
    <ClInclude Include="Pathfinder.h">
      <Filter>Systems</Filter>
    </ClInclude>
    <ClInclude Include="Stairs.h">
      <Filter>Header Files</Filter>
    </ClInclude>
    <ClInclude Include="Item.h">
      <Filter>Header Files</Filter>
    </ClInclude>
    <ClInclude Include="UIButton.h">
      <Filter>Header Files</Filter>
    </ClInclude>
    <ClInclude Include="Cave.h">
      <Filter>Header Files</Filter>
    </ClInclude>
    <ClInclude Include="GameState.h">
      <Filter>Game</Filter>
    </ClInclude>
    <ClInclude Include="Level.h">
      <Filter>Game</Filter>
    </ClInclude>
    <ClInclude Include="Menu.h">
      <Filter>Game</Filter>
    </ClInclude>
    <ClInclude Include="Actor.h">
      <Filter>Actors</Filter>
    </ClInclude>
    <ClInclude Include="ActorAgent.h">
      <Filter>Actors</Filter>
    </ClInclude>
    <ClInclude Include="AnimatedActor.h">
      <Filter>Actors</Filter>
    </ClInclude>
    <ClInclude Include="Player.h">
      <Filter>Actors</Filter>
    </ClInclude>
    <ClInclude Include="Rat.h">
      <Filter>Actors</Filter>
    </ClInclude>
    <ClInclude Include="InputManager.h">
      <Filter>Systems</Filter>
    </ClInclude>
    <ClInclude Include="PatrolState.h">
      <Filter>AI</Filter>
    </ClInclude>
    <ClInclude Include="State.h">
      <Filter>AI</Filter>
    </ClInclude>
    <ClInclude Include="CollisionManager.h">
      <Filter>Systems</Filter>
    </ClInclude>
    <ClInclude Include="AttackState.h">
      <Filter>AI</Filter>
    </ClInclude>
    <ClInclude Include="Health.h">
      <Filter>UI</Filter>
    </ClInclude>
  </ItemGroup>
</Project>